
Microsoft Visual Studio Solution File, Format Version 12.00
# Visual Studio Version 16
VisualStudioVersion = 16.0.31624.102
MinimumVisualStudioVersion = 10.0.40219.1
Project("{FAE04EC0-301F-11D3-BF4B-00C04F79EFBC}") = "programmering2_övning", "programmering2_övning\programmering2_övning.csproj", "{28A790FA-B973-4541-A0F9-A94E619239DE}"
EndProject
Global
	GlobalSection(SolutionConfigurationPlatforms) = preSolution
		Debug|Any CPU = Debug|Any CPU
		Release|Any CPU = Release|Any CPU
	EndGlobalSection
	GlobalSection(ProjectConfigurationPlatforms) = postSolution
		{28A790FA-B973-4541-A0F9-A94E619239DE}.Debug|Any CPU.ActiveCfg = Debug|Any CPU
		{28A790FA-B973-4541-A0F9-A94E619239DE}.Debug|Any CPU.Build.0 = Debug|Any CPU
		{28A790FA-B973-4541-A0F9-A94E619239DE}.Release|Any CPU.ActiveCfg = Release|Any CPU
		{28A790FA-B973-4541-A0F9-A94E619239DE}.Release|Any CPU.Build.0 = Release|Any CPU
	EndGlobalSection
	GlobalSection(SolutionProperties) = preSolution
		HideSolutionNode = FALSE
	EndGlobalSection
	GlobalSection(ExtensibilityGlobals) = postSolution
		SolutionGuid = {AEF9B649-14DD-4E6C-8DBD-28A86E3FFBE5}
	EndGlobalSection
EndGlobal
